
Microsoft Visual Studio Solution File, Format Version 12.00
# Visual Studio 2012
Project("{FAE04EC0-301F-11D3-BF4B-00C04F79EFBC}") = "lb1", "MatStat_lb1\lb1.csproj", "{915B99C1-8C2C-4961-A609-4DC4B16F0C9E}"
EndProject
Global
	GlobalSection(SolutionConfigurationPlatforms) = preSolution
		Debug|x86 = Debug|x86
		Release|x86 = Release|x86
	EndGlobalSection
	GlobalSection(ProjectConfigurationPlatforms) = postSolution
		{915B99C1-8C2C-4961-A609-4DC4B16F0C9E}.Debug|x86.ActiveCfg = Debug|x86
		{915B99C1-8C2C-4961-A609-4DC4B16F0C9E}.Debug|x86.Build.0 = Debug|x86
		{915B99C1-8C2C-4961-A609-4DC4B16F0C9E}.Release|x86.ActiveCfg = Release|x86
		{915B99C1-8C2C-4961-A609-4DC4B16F0C9E}.Release|x86.Build.0 = Release|x86
	EndGlobalSection
	GlobalSection(SolutionProperties) = preSolution
		HideSolutionNode = FALSE
	EndGlobalSection
EndGlobal
